{
  "name": "inox",
  "version": "0.1.0",
  "lockfileVersion": 1,
  "requires": true,
  "dependencies": {
    "@assemblyscript/loader": {
      "version": "0.19.2",
      "resolved": "https://registry.npmjs.org/@assemblyscript/loader/-/loader-0.19.2.tgz",
      "integrity": "sha512-vLCJy4n/55ShcrgZQwkr/KMiMPcZZ8M4DypXz6aw6bjzLv7zuyYv7lF68rTr4z4GhExC7WpUwTfyQ03BJffmfA=="
    },
    "@types/node": {
      "version": "15.12.2",
      "resolved": "https://registry.npmjs.org/@types/node/-/node-15.12.2.tgz",
      "integrity": "sha512-zjQ69G564OCIWIOHSXyQEEDpdpGl+G348RAKY0XXy9Z5kU9Vzv1GMNnkar/ZJ8dzXB3COzD9Mo9NtRZ4xfgUww==",
      "dev": true
    },
    "assemblyscript": {
      "version": "0.19.14",
      "resolved": "https://registry.npmjs.org/assemblyscript/-/assemblyscript-0.19.14.tgz",
      "integrity": "sha512-rycgWm6iq/W35DCNsmfQjgmJCO84vHP9s6a9U/lCvG21HXaTm/0IIp3IQUJSp2vQAovx1OotB0Vncdok8D2hLQ==",
      "dev": true,
      "requires": {
        "binaryen": "101.0.0-nightly.20210904",
        "long": "^4.0.0"
      }
    },
    "binaryen": {
      "version": "101.0.0-nightly.20210904",
      "resolved": "https://registry.npmjs.org/binaryen/-/binaryen-101.0.0-nightly.20210904.tgz",
      "integrity": "sha512-2AvJhErttuoMvgNcYPPpPy7C12PSvDdtZWtEeX/Otm/Vtf4ePvBpT3UIA00hGAh8HNaGr+dzFNstxTUvjNwZTg==",
      "dev": true
    },
    "long": {
      "version": "4.0.0",
      "resolved": "https://registry.npmjs.org/long/-/long-4.0.0.tgz",
      "integrity": "sha512-XsP+KhQif4bjX1kbuSiySJFNAehNxgLb6hPRGJ9QsUr8ajHkuXGdrHmFUTUUXhDwVX2R5bY4JNZEwbUiMhV+MA==",
      "dev": true
    }
  }
}
