{
  "name": "inox",
  "version": "0.1.0",
  "lockfileVersion": 1,
  "requires": true,
  "dependencies": {
    "@assemblyscript/loader": {
      "version": "0.19.2",
      "resolved": "https://registry.npmjs.org/@assemblyscript/loader/-/loader-0.19.2.tgz",
      "integrity": "sha512-vLCJy4n/55ShcrgZQwkr/KMiMPcZZ8M4DypXz6aw6bjzLv7zuyYv7lF68rTr4z4GhExC7WpUwTfyQ03BJffmfA=="
    },
    "@types/node": {
      "version": "15.12.2",
      "resolved": "https://registry.npmjs.org/@types/node/-/node-15.12.2.tgz",
      "integrity": "sha512-zjQ69G564OCIWIOHSXyQEEDpdpGl+G348RAKY0XXy9Z5kU9Vzv1GMNnkar/ZJ8dzXB3COzD9Mo9NtRZ4xfgUww==",
      "dev": true
    },
    "assemblyscript": {
      "version": "0.24.1",
      "resolved": "https://registry.npmjs.org/assemblyscript/-/assemblyscript-0.24.1.tgz",
      "integrity": "sha512-uqR7NW0z/QFuqOkszoCb2F2jJI0VsmmmATRYG2JGzspC9nkct/8+6Pad7amCnIRriAC/T9AknEs+Qv/U/+fNpQ==",
      "dev": true,
      "requires": {
        "binaryen": "110.0.0-nightly.20221105",
        "long": "^5.2.0"
      }
    },
    "binaryen": {
      "version": "110.0.0-nightly.20221105",
      "resolved": "https://registry.npmjs.org/binaryen/-/binaryen-110.0.0-nightly.20221105.tgz",
      "integrity": "sha512-OBESOc51q3SwgG8Uv8nMzGnSq7LJpSB/Fu8B3AjlZg6YtCEwRnlDWlnwNB6mdql+VdexfKmNcsrs4K7MYidmdQ==",
      "dev": true
    },
    "long": {
      "version": "5.2.1",
      "resolved": "https://registry.npmjs.org/long/-/long-5.2.1.tgz",
      "integrity": "sha512-GKSNGeNAtw8IryjjkhZxuKB3JzlcLTwjtiQCHKvqQet81I93kXslhDQruGI/QsddO83mcDToBVy7GqGS/zYf/A==",
      "dev": true
    }
  }
}
